
Microsoft Visual Studio Solution File, Format Version 12.00
# Visual Studio Version 16
VisualStudioVersion = 16.0.30413.136
MinimumVisualStudioVersion = 10.0.40219.1
Project("{FAE04EC0-301F-11D3-BF4B-00C04F79EFBC}") = "Delta", "Delta\Delta.csproj", "{AA7609B0-E3EB-427E-B3C9-BF964074BF16}"
EndProject
Global
	GlobalSection(SolutionConfigurationPlatforms) = preSolution
		Debug|Any CPU = Debug|Any CPU
		Release|Any CPU = Release|Any CPU
	EndGlobalSection
	GlobalSection(ProjectConfigurationPlatforms) = postSolution
		{AA7609B0-E3EB-427E-B3C9-BF964074BF16}.Debug|Any CPU.ActiveCfg = Debug|Any CPU
		{AA7609B0-E3EB-427E-B3C9-BF964074BF16}.Debug|Any CPU.Build.0 = Debug|Any CPU
		{AA7609B0-E3EB-427E-B3C9-BF964074BF16}.Release|Any CPU.ActiveCfg = Release|Any CPU
		{AA7609B0-E3EB-427E-B3C9-BF964074BF16}.Release|Any CPU.Build.0 = Release|Any CPU
	EndGlobalSection
	GlobalSection(SolutionProperties) = preSolution
		HideSolutionNode = FALSE
	EndGlobalSection
	GlobalSection(ExtensibilityGlobals) = postSolution
		SolutionGuid = {926E9A28-6E40-45C7-8A1A-544FEBDDA6C6}
	EndGlobalSection
EndGlobal
